github.com/golang/protobuf v1.5.0/go.mod h1:FsONVRAS9T7sI+LIUmWTfcYkHO4aIWwzhcaSAoJOfIk=
github.com/golang/protobuf v1.5.3 h1:KhyjKVUg7Usr/dYsdSqoFveMYd5ko72D+zANwlG1mmg=
github.com/golang/protobuf v1.5.3/go.mod h1:XVQd3VNwM+JqD3oG2Ue2ip4fOMUkwXdXDdiuN0vRsmY=
github.com/google/go-cmp v0.5.5/go.mod h1:v8dTdLbMG2kIc/vJvl+f65V22dbkXbowE6jgT/gNBxE=
github.com/google/go-cmp v0.5.9 h1:O2Tfq5qg4qc4AmwVlvv0oLiVAGB7enBSJ2x2DqQFi38=
github.com/spdk/spdk v1.2.1-0.20211221161437-2af48ebf5847 h1:i/AxQS5uD4O6fsnFImS2N2sN16NrmPluIuqaZaoTU2Y=
github.com/spdk/spdk v1.2.1-0.20211221161437-2af48ebf5847/go.mod h1:wDdaHSpvePPObXYUQ6taslF7uN/zyR+W782ddejDQEU=
golang.org/x/net v0.8.0 h1:Zrh2ngAOFYneWTAIAPethzeaQLuHwhuBkuV6ZiRnUaQ=
golang.org/x/sync v0.0.0-20190423024810-112230192c58/go.mod h1:RxMgew5VJxzue5/jJTE5uejpjVlOe/izrB70Jof72aM=
golang.org/x/sys v0.6.0 h1:MVltZSvRTcU2ljQOhs94SXPftV6DCNnZViHeQps87pQ=
golang.org/x/text v0.8.0 h1:57P1ETyNKtuIjB4SRd15iJxuhj8Gc416Y78H3qgMh68=
golang.org/x/xerrors v0.0.0-20191204190536-9bdfabe68543/go.mod h1:I/5z698sn9Ka8TeJc9MKroUUfqBBauWjQqLJ2OPfmY0=
google.golang.org/genproto v0.0.0-20230110181048-76db0878b65f h1:BWUVssLB0HVOSY78gIdvk1dTVYtT1y8SBWtPYuTJ/6w=
google.golang.org/genproto v0.0.0-20230110181048-76db0878b65f/go.mod h1:RGgjbofJ8xD9Sq1VVhDM1Vok1vRONV+rg+CjzG4SZKM=
google.golang.org/genproto v0.0.0-20230306155012-7f2fa6fef1f4 h1:DdoeryqhaXp1LtT/emMP1BRJPHHKFi5akj/nbx/zNTA=
google.golang.org/genproto v0.0.0-20230306155012-7f2fa6fef1f4/go.mod h1:NWraEVixdDnqcqQ30jipen1STv2r/n24Wb7twVTGR4s=
google.golang.org/genproto v0.0.0-20230410155749-daa745c078e1 h1:KpwkzHKEF7B9Zxg18WzOa7djJ+Ha5DzthMyZYQfEn2A=
google.golang.org/genproto v0.0.0-20230410155749-daa745c078e1/go.mod h1:nKE/iIaLqn2bQwXBg8f1g2Ylh6r5MN5CmZvuzZCgsCU=
google.golang.org/genproto v0.0.0-20230526161137-0005af68ea54 h1:9NWlQfY2ePejTmfwUH1OWwmznFa+0kKcHGPDvcPza9M=
google.golang.org/genproto v0.0.0-20230526161137-0005af68ea54/go.mod h1:zqTuNwFlFRsw5zIts5VnzLQxSRqh+CGOTVMlYbY0Eyk=
google.golang.org/genproto v0.0.0-20230711160842-782d3b101e98 h1:Z0hjGZePRE0ZBWotvtrwxFNrNE9CUAGtplaDK5NNI/g=
google.golang.org/genproto v0.0.0-20230711160842-782d3b101e98/go.mod h1:S7mY02OqCJTD0E1OiQy1F72PWFB4bZJ87cAtLPYgDR0=
google.golang.org/genproto/googleapis/rpc v0.0.0-20230525234030-28d5490b6b19 h1:0nDDozoAU19Qb2HwhXadU8OcsiO/09cnTqhUtq2MEOM=
google.golang.org/genproto/googleapis/rpc v0.0.0-20230525234030-28d5490b6b19/go.mod h1:66JfowdXAEgad5O9NnYcsNPLCPZJD++2L9X0PCMODrA=
google.golang.org/genproto/googleapis/rpc v0.0.0-20230711160842-782d3b101e98 h1:bVf09lpb+OJbByTj913DRJioFFAjf/ZGxEz7MajTp2U=
google.golang.org/genproto/googleapis/rpc v0.0.0-20230711160842-782d3b101e98/go.mod h1:TUfxEVdsvPg18p6AslUXFoLdpED4oBnGwyqk3dV1XzM=
google.golang.org/grpc v1.54.0 h1:EhTqbhiYeixwWQtAEZAxmV9MGqcjEU2mFx52xCzNyag=
google.golang.org/grpc v1.54.0/go.mod h1:PUSEXI6iWghWaB6lXM4knEgpJNu2qUcKfDtNci3EC2g=
google.golang.org/grpc v1.55.0 h1:3Oj82/tFSCeUrRTg/5E/7d/W5A1tj6Ky1ABAuZuv5ag=
google.golang.org/grpc v1.55.0/go.mod h1:iYEXKGkEBhg1PjZQvoYEVPTDkHo1/bjTnfwTeGONTY8=
google.golang.org/grpc v1.56.0 h1:+y7Bs8rtMd07LeXmL3NxcTLn7mUkbKZqEpPhMNkwJEE=
google.golang.org/grpc v1.56.0/go.mod h1:I9bI3vqKfayGqPUAwGdOSu7kt6oIJLixfffKrpXqQ9s=
google.golang.org/grpc v1.56.1 h1:z0dNfjIl0VpaZ9iSVjA6daGatAYwPGstTjt5vkRMFkQ=
google.golang.org/grpc v1.56.1/go.mod h1:I9bI3vqKfayGqPUAwGdOSu7kt6oIJLixfffKrpXqQ9s=
google.golang.org/grpc v1.56.2 h1:fVRFRnXvU+x6C4IlHZewvJOVHoOv1TUuQyoRsYnB4bI=
google.golang.org/grpc v1.56.2/go.mod h1:I9bI3vqKfayGqPUAwGdOSu7kt6oIJLixfffKrpXqQ9s=
google.golang.org/grpc v1.57.0 h1:kfzNeI/klCGD2YPMUlaGNT3pxvYfga7smW3Vth8Zsiw=
google.golang.org/grpc v1.57.0/go.mod h1:Sd+9RMTACXwmub0zcNY2c4arhtrbBYD1AUHI/dt16Mo=
google.golang.org/grpc v1.58.0 h1:32JY8YpPMSR45K+c3o6b8VL73V+rR8k+DeMIr4vRH8o=
google.golang.org/grpc v1.58.0/go.mod h1:tgX3ZQDlNJGU96V6yHh1T/JeoBQ2TXdr43YbYSsCJk0=
google.golang.org/grpc v1.58.1 h1:OL+Vz23DTtrrldqHK49FUOPHyY75rvFqJfXC84NYW58=
google.golang.org/grpc v1.58.1/go.mod h1:tgX3ZQDlNJGU96V6yHh1T/JeoBQ2TXdr43YbYSsCJk0=
google.golang.org/grpc v1.58.2 h1:SXUpjxeVF3FKrTYQI4f4KvbGD5u2xccdYdurwowix5I=
google.golang.org/grpc v1.58.2/go.mod h1:tgX3ZQDlNJGU96V6yHh1T/JeoBQ2TXdr43YbYSsCJk0=
google.golang.org/protobuf v1.26.0-rc.1/go.mod h1:jlhhOSvTdKEhbULTjvd4ARK9grFBp09yW+WbY/TyQbw=
google.golang.org/protobuf v1.26.0/go.mod h1:9q0QmTI4eRPtz6boOQmLYwt+qCgq0jsYwAQnmE0givc=
google.golang.org/protobuf v1.30.0 h1:kPPoIgf3TsEvrm0PFe15JQ+570QVxYzEvvHqChK+cng=
google.golang.org/protobuf v1.30.0/go.mod h1:HV8QOd/L58Z+nl8r43ehVNZIU/HEI6OcFqwMG9pJV4I=
google.golang.org/protobuf v1.31.0 h1:g0LDEJHgrBl9N9r17Ru3sqWhkIx2NB67okBHPwC7hs8=
google.golang.org/protobuf v1.31.0/go.mod h1:HV8QOd/L58Z+nl8r43ehVNZIU/HEI6OcFqwMG9pJV4I=
